{
  "name": "worldsbase",
  "lockfileVersion": 3,
  "requires": true,
  "packages": {
    "": {
      "hasInstallScript": true,
      "license": "MIT",
      "dependencies": {
        "@thirdweb-dev/engine": "^0.0.9"
      }
    },
    "node_modules/@thirdweb-dev/engine": {
      "version": "0.0.9",
      "resolved": "https://registry.npmjs.org/@thirdweb-dev/engine/-/engine-0.0.9.tgz",
      "integrity": "sha512-rKBwkcBNCY0C7Emtl4YqJ6M2D7EqVUttg7qULwOvUJfeLQleyhPA/fBAQo3oM9okXCQ4s40bsS6JkBYk2chhyg=="
    }
  }
}
